
Microsoft Visual Studio Solution File, Format Version 12.00
# Visual Studio Version 17
VisualStudioVersion = 17.6.33723.286
MinimumVisualStudioVersion = 10.0.40219.1
Project("{FAE04EC0-301F-11D3-BF4B-00C04F79EFBC}") = "caculartor2", "caculartor2.csproj", "{1E426492-D1B1-4D2D-A42C-3DD242FBFBA6}"
EndProject
Global
	GlobalSection(SolutionConfigurationPlatforms) = preSolution
		Debug|Any CPU = Debug|Any CPU
		Release|Any CPU = Release|Any CPU
	EndGlobalSection
	GlobalSection(ProjectConfigurationPlatforms) = postSolution
		{1E426492-D1B1-4D2D-A42C-3DD242FBFBA6}.Debug|Any CPU.ActiveCfg = Debug|Any CPU
		{1E426492-D1B1-4D2D-A42C-3DD242FBFBA6}.Debug|Any CPU.Build.0 = Debug|Any CPU
		{1E426492-D1B1-4D2D-A42C-3DD242FBFBA6}.Release|Any CPU.ActiveCfg = Release|Any CPU
		{1E426492-D1B1-4D2D-A42C-3DD242FBFBA6}.Release|Any CPU.Build.0 = Release|Any CPU
	EndGlobalSection
	GlobalSection(SolutionProperties) = preSolution
		HideSolutionNode = FALSE
	EndGlobalSection
	GlobalSection(ExtensibilityGlobals) = postSolution
		SolutionGuid = {492282B9-70DC-4834-81BE-82E6EB13F512}
	EndGlobalSection
EndGlobal
